
Microsoft Visual Studio Solution File, Format Version 12.00
# Visual Studio Version 17
VisualStudioVersion = 17.0.31903.59
MinimumVisualStudioVersion = 10.0.40219.1
Project("{2150E333-8FDC-42A3-9474-1A3956D46DE8}") = "src", "src", "{02EA681E-C7D8-13C7-8484-4AC65E1B71E8}"
EndProject
Project("{2150E333-8FDC-42A3-9474-1A3956D46DE8}") = "WebApi", "WebApi", "{5122FA63-514B-4F6C-A1DA-2FA055DD3528}"
EndProject
Project("{FAE04EC0-301F-11D3-BF4B-00C04F79EFBC}") = "RestWithASPNET.WebApi", "..\RestWithASPNET.WebApi\RestWithASPNET.WebApi.csproj", "{FEBB94AE-9D95-44C5-B1DA-CD3A271426EE}"
EndProject
Project("{2150E333-8FDC-42A3-9474-1A3956D46DE8}") = "Domain", "Domain", "{315DB5E5-0AFF-45E3-83B4-1B6258A06C10}"
EndProject
Project("{FAE04EC0-301F-11D3-BF4B-00C04F79EFBC}") = "RestWithASPNET.Domain", "..\RestWithASPNET.Domain\RestWithASPNET.Domain.csproj", "{5DCC6B9E-551E-4E81-8670-3B1271B30B13}"
EndProject
Project("{2150E333-8FDC-42A3-9474-1A3956D46DE8}") = "FrameworksAndDrivers", "FrameworksAndDrivers", "{05EC6B0D-6E5F-449A-AEA9-29C8C8CADB62}"
EndProject
Project("{FAE04EC0-301F-11D3-BF4B-00C04F79EFBC}") = "RestWithASPNET.FrameWrkDrivers", "..\RestWithASPNET.FrameWrkDrivers\RestWithASPNET.FrameWrkDrivers.csproj", "{589F68D1-1B1C-4A4B-9604-4C4E9E0CE950}"
EndProject
Project("{2150E333-8FDC-42A3-9474-1A3956D46DE8}") = "Application", "Application", "{1B70DFA2-145B-402E-9E21-C4C37448932C}"
EndProject
Project("{FAE04EC0-301F-11D3-BF4B-00C04F79EFBC}") = "RestWithASPNET.Application", "..\RestWithASPNET.Application\RestWithASPNET.Application.csproj", "{E72DCA1C-0599-4140-AE1A-0059D6E4C6F5}"
EndProject
Project("{2150E333-8FDC-42A3-9474-1A3956D46DE8}") = "InterfaceAdapter", "InterfaceAdapter", "{36A02C3C-1CDA-4CE7-998C-2961E1C19FD8}"
EndProject
Project("{FAE04EC0-301F-11D3-BF4B-00C04F79EFBC}") = "RestWithASPNET.Adapter", "..\RestWithASPNET.Adapter\RestWithASPNET.Adapter.csproj", "{939E71D4-FC2A-4B4C-BD2E-D8A9B9E1F9F2}"
EndProject
Project("{FAE04EC0-301F-11D3-BF4B-00C04F79EFBC}") = "RestWithASPNET.IOC", "RestWithASPNET.IOC\RestWithASPNET.IOC.csproj", "{FEFAB4C5-5B0D-4AA8-915F-526116AFFD30}"
EndProject
Project("{2150E333-8FDC-42A3-9474-1A3956D46DE8}") = "Mapping", "Mapping", "{A5D303BE-B070-4A71-88C2-3A70F81E59B1}"
EndProject
Project("{FAE04EC0-301F-11D3-BF4B-00C04F79EFBC}") = "RestWithASPNET.Mappings", "RestWithASPNET.Mappings\RestWithASPNET.Mappings.csproj", "{66312BD0-FB2D-4EDD-9B3B-66B9ED1DF8FB}"
EndProject
Global
	GlobalSection(SolutionConfigurationPlatforms) = preSolution
		Debug|Any CPU = Debug|Any CPU
		Release|Any CPU = Release|Any CPU
	EndGlobalSection
	GlobalSection(ProjectConfigurationPlatforms) = postSolution
		{FEBB94AE-9D95-44C5-B1DA-CD3A271426EE}.Debug|Any CPU.ActiveCfg = Debug|Any CPU
		{FEBB94AE-9D95-44C5-B1DA-CD3A271426EE}.Debug|Any CPU.Build.0 = Debug|Any CPU
		{FEBB94AE-9D95-44C5-B1DA-CD3A271426EE}.Release|Any CPU.ActiveCfg = Release|Any CPU
		{FEBB94AE-9D95-44C5-B1DA-CD3A271426EE}.Release|Any CPU.Build.0 = Release|Any CPU
		{5DCC6B9E-551E-4E81-8670-3B1271B30B13}.Debug|Any CPU.ActiveCfg = Debug|Any CPU
		{5DCC6B9E-551E-4E81-8670-3B1271B30B13}.Debug|Any CPU.Build.0 = Debug|Any CPU
		{5DCC6B9E-551E-4E81-8670-3B1271B30B13}.Release|Any CPU.ActiveCfg = Release|Any CPU
		{5DCC6B9E-551E-4E81-8670-3B1271B30B13}.Release|Any CPU.Build.0 = Release|Any CPU
		{589F68D1-1B1C-4A4B-9604-4C4E9E0CE950}.Debug|Any CPU.ActiveCfg = Debug|Any CPU
		{589F68D1-1B1C-4A4B-9604-4C4E9E0CE950}.Debug|Any CPU.Build.0 = Debug|Any CPU
		{589F68D1-1B1C-4A4B-9604-4C4E9E0CE950}.Release|Any CPU.ActiveCfg = Release|Any CPU
		{589F68D1-1B1C-4A4B-9604-4C4E9E0CE950}.Release|Any CPU.Build.0 = Release|Any CPU
		{E72DCA1C-0599-4140-AE1A-0059D6E4C6F5}.Debug|Any CPU.ActiveCfg = Debug|Any CPU
		{E72DCA1C-0599-4140-AE1A-0059D6E4C6F5}.Debug|Any CPU.Build.0 = Debug|Any CPU
		{E72DCA1C-0599-4140-AE1A-0059D6E4C6F5}.Release|Any CPU.ActiveCfg = Release|Any CPU
		{E72DCA1C-0599-4140-AE1A-0059D6E4C6F5}.Release|Any CPU.Build.0 = Release|Any CPU
		{939E71D4-FC2A-4B4C-BD2E-D8A9B9E1F9F2}.Debug|Any CPU.ActiveCfg = Debug|Any CPU
		{939E71D4-FC2A-4B4C-BD2E-D8A9B9E1F9F2}.Debug|Any CPU.Build.0 = Debug|Any CPU
		{939E71D4-FC2A-4B4C-BD2E-D8A9B9E1F9F2}.Release|Any CPU.ActiveCfg = Release|Any CPU
		{939E71D4-FC2A-4B4C-BD2E-D8A9B9E1F9F2}.Release|Any CPU.Build.0 = Release|Any CPU
		{FEFAB4C5-5B0D-4AA8-915F-526116AFFD30}.Debug|Any CPU.ActiveCfg = Debug|Any CPU
		{FEFAB4C5-5B0D-4AA8-915F-526116AFFD30}.Debug|Any CPU.Build.0 = Debug|Any CPU
		{FEFAB4C5-5B0D-4AA8-915F-526116AFFD30}.Release|Any CPU.ActiveCfg = Release|Any CPU
		{FEFAB4C5-5B0D-4AA8-915F-526116AFFD30}.Release|Any CPU.Build.0 = Release|Any CPU
		{66312BD0-FB2D-4EDD-9B3B-66B9ED1DF8FB}.Debug|Any CPU.ActiveCfg = Debug|Any CPU
		{66312BD0-FB2D-4EDD-9B3B-66B9ED1DF8FB}.Debug|Any CPU.Build.0 = Debug|Any CPU
		{66312BD0-FB2D-4EDD-9B3B-66B9ED1DF8FB}.Release|Any CPU.ActiveCfg = Release|Any CPU
		{66312BD0-FB2D-4EDD-9B3B-66B9ED1DF8FB}.Release|Any CPU.Build.0 = Release|Any CPU
	EndGlobalSection
	GlobalSection(SolutionProperties) = preSolution
		HideSolutionNode = FALSE
	EndGlobalSection
	GlobalSection(NestedProjects) = preSolution
		{5122FA63-514B-4F6C-A1DA-2FA055DD3528} = {02EA681E-C7D8-13C7-8484-4AC65E1B71E8}
		{FEBB94AE-9D95-44C5-B1DA-CD3A271426EE} = {5122FA63-514B-4F6C-A1DA-2FA055DD3528}
		{315DB5E5-0AFF-45E3-83B4-1B6258A06C10} = {02EA681E-C7D8-13C7-8484-4AC65E1B71E8}
		{5DCC6B9E-551E-4E81-8670-3B1271B30B13} = {315DB5E5-0AFF-45E3-83B4-1B6258A06C10}
		{05EC6B0D-6E5F-449A-AEA9-29C8C8CADB62} = {02EA681E-C7D8-13C7-8484-4AC65E1B71E8}
		{589F68D1-1B1C-4A4B-9604-4C4E9E0CE950} = {05EC6B0D-6E5F-449A-AEA9-29C8C8CADB62}
		{1B70DFA2-145B-402E-9E21-C4C37448932C} = {02EA681E-C7D8-13C7-8484-4AC65E1B71E8}
		{E72DCA1C-0599-4140-AE1A-0059D6E4C6F5} = {1B70DFA2-145B-402E-9E21-C4C37448932C}
		{36A02C3C-1CDA-4CE7-998C-2961E1C19FD8} = {02EA681E-C7D8-13C7-8484-4AC65E1B71E8}
		{939E71D4-FC2A-4B4C-BD2E-D8A9B9E1F9F2} = {36A02C3C-1CDA-4CE7-998C-2961E1C19FD8}
		{FEFAB4C5-5B0D-4AA8-915F-526116AFFD30} = {05EC6B0D-6E5F-449A-AEA9-29C8C8CADB62}
		{A5D303BE-B070-4A71-88C2-3A70F81E59B1} = {02EA681E-C7D8-13C7-8484-4AC65E1B71E8}
		{66312BD0-FB2D-4EDD-9B3B-66B9ED1DF8FB} = {A5D303BE-B070-4A71-88C2-3A70F81E59B1}
	EndGlobalSection
	GlobalSection(ExtensibilityGlobals) = postSolution
		SolutionGuid = {7A7D450A-623D-4DA7-A7FC-F0E5F26BA184}
	EndGlobalSection
EndGlobal
